# THIS IS AN AUTOGENERATED FILE. DO NOT EDIT THIS FILE DIRECTLY.
# yarn lockfile v1


ky@^1.2.0:
  version "1.2.0"
  resolved "https://registry.yarnpkg.com/ky/-/ky-1.2.0.tgz#698be7d2c48cf875d2d4721fc4c69b681877a112"
  integrity sha512-dnPW+T78MuJ9tLAiF/apJV7bP7RRRCARXQxsCmsWiKLXqGtMBOgDVOFRYzCAfNe/OrRyFyor5ESgvvC+QWEqOA==
